<Project xmlns="http://schemas.microsoft.com/developer/msbuild/2003">
    <PropertyGroup>
        <ProjectGuid>{94B24256-7A34-4E91-8BB3-71374D81639D}</ProjectGuid>
        <ProjectVersion>14.6</ProjectVersion>
        <MainSource>oCNTDialogs.dpr</MainSource>
        <Config Condition="'$(Config)'==''">Release</Config>
        <DCC_DCCCompiler>DCC32</DCC_DCCCompiler>
        <FrameworkType>VCL</FrameworkType>
        <Base>True</Base>
        <Platform Condition="'$(Platform)'==''">Win32</Platform>
        <TargetedPlatforms>1</TargetedPlatforms>
        <AppType>Library</AppType>
    </PropertyGroup>
    <PropertyGroup Condition="'$(Config)'=='Base' or '$(Base)'!=''">
        <Base>true</Base>
    </PropertyGroup>
    <PropertyGroup Condition="('$(Platform)'=='Win32' and '$(Base)'=='true') or '$(Base_Win32)'!=''">
        <Base_Win32>true</Base_Win32>
        <CfgParent>Base</CfgParent>
        <Base>true</Base>
    </PropertyGroup>
    <PropertyGroup Condition="('$(Platform)'=='Win64' and '$(Base)'=='true') or '$(Base_Win64)'!=''">
        <Base_Win64>true</Base_Win64>
        <CfgParent>Base</CfgParent>
        <Base>true</Base>
    </PropertyGroup>
    <PropertyGroup Condition="'$(Config)'=='Release' or '$(Cfg_1)'!=''">
        <Cfg_1>true</Cfg_1>
        <CfgParent>Base</CfgParent>
        <Base>true</Base>
    </PropertyGroup>
    <PropertyGroup Condition="('$(Platform)'=='Win32' and '$(Cfg_1)'=='true') or '$(Cfg_1_Win32)'!=''">
        <Cfg_1_Win32>true</Cfg_1_Win32>
        <CfgParent>Cfg_1</CfgParent>
        <Cfg_1>true</Cfg_1>
        <Base>true</Base>
    </PropertyGroup>
    <PropertyGroup Condition="'$(Config)'=='Debug' or '$(Cfg_2)'!=''">
        <Cfg_2>true</Cfg_2>
        <CfgParent>Base</CfgParent>
        <Base>true</Base>
    </PropertyGroup>
    <PropertyGroup Condition="('$(Platform)'=='Win32' and '$(Cfg_2)'=='true') or '$(Cfg_2_Win32)'!=''">
        <Cfg_2_Win32>true</Cfg_2_Win32>
        <CfgParent>Cfg_2</CfgParent>
        <Cfg_2>true</Cfg_2>
        <Base>true</Base>
    </PropertyGroup>
    <PropertyGroup Condition="'$(Base)'!=''">
        <VerInfo_Release>1</VerInfo_Release>
        <VerInfo_MajorVer>0</VerInfo_MajorVer>
        <VerInfo_DLL>true</VerInfo_DLL>
        <VerInfo_Keys>CompanyName=DSS Inc.;FileDescription=OCNT Dialogs;FileVersion=0.0.1.4;InternalName=;LegalCopyright=Apache License 2.0;LegalTrademarks=;OriginalFilename=;ProductName=;ProductVersion=0.0.1.4;Comments=</VerInfo_Keys>
        <DCC_Namespace>Vcl;Vcl.Imaging;Vcl.Touch;Vcl.Samples;Vcl.Shell;System;Xml;Data;Datasnap;Web;Soap;Winapi;System.Win;Xml.Win;$(DCC_Namespace)</DCC_Namespace>
        <VerInfo_Locale>1033</VerInfo_Locale>
        <VerInfo_Build>4</VerInfo_Build>
        <VerInfo_IncludeVerInfo>true</VerInfo_IncludeVerInfo>
        <DCC_ExeOutput>..\_output\Extensions\</DCC_ExeOutput>
        <DCC_UsePackage>vcl;oCNTFramework;rtl;$(DCC_UsePackage)</DCC_UsePackage>
        <DCC_DependencyCheckOutputName>..\_output\Extensions\oCNTDialogs.dll</DCC_DependencyCheckOutputName>
        <GenDll>true</GenDll>
        <DCC_ImageBase>00400000</DCC_ImageBase>
        <DCC_Platform>x86</DCC_Platform>
    </PropertyGroup>
    <PropertyGroup Condition="'$(Base_Win32)'!=''">
        <VerInfo_Keys>CompanyName=;FileDescription=;FileVersion=1.0.0.0;InternalName=;LegalCopyright=;LegalTrademarks=;OriginalFilename=;ProductName=;ProductVersion=1.0.0.0;Comments=</VerInfo_Keys>
        <Icon_MainIcon>oCNTDialogs_Icon.ico</Icon_MainIcon>
        <Debugger_HostApplication>C:\Vista\cprs\OR_3_306V29\CPRS-chart\CPRSChart.exe</Debugger_HostApplication>
        <VerInfo_Locale>1033</VerInfo_Locale>
        <VerInfo_IncludeVerInfo>true</VerInfo_IncludeVerInfo>
        <DCC_Namespace>Data.Win;Datasnap.Win;Web.Win;Soap.Win;Bde;$(DCC_Namespace)</DCC_Namespace>
    </PropertyGroup>
    <PropertyGroup Condition="'$(Base_Win64)'!=''">
        <Icon_MainIcon>oCNTDialogs_Icon.ico</Icon_MainIcon>
    </PropertyGroup>
    <PropertyGroup Condition="'$(Cfg_1)'!=''">
        <DCC_LocalDebugSymbols>false</DCC_LocalDebugSymbols>
        <DCC_Define>RELEASE;$(DCC_Define)</DCC_Define>
        <DCC_SymbolReferenceInfo>0</DCC_SymbolReferenceInfo>
        <DCC_DebugInformation>false</DCC_DebugInformation>
    </PropertyGroup>
    <PropertyGroup Condition="'$(Cfg_1_Win32)'!=''">
        <Debugger_HostApplication>C:\Program Files\Vista\CPRSChart.exe</Debugger_HostApplication>
        <Manifest_File>None</Manifest_File>
        <VerInfo_Build>24</VerInfo_Build>
        <DCC_ExeOutput>C:\Users\DSSDeveloper\Desktop\oCNTFramework\_output\</DCC_ExeOutput>
        <VerInfo_Keys>CompanyName=Document Storage Systems, Inc.;FileDescription=;FileVersion=0.0.1.24;InternalName=;LegalCopyright=;LegalTrademarks=;OriginalFilename=;ProductName=;ProductVersion=0.0.1.24;Comments=</VerInfo_Keys>
    </PropertyGroup>
    <PropertyGroup Condition="'$(Cfg_2)'!=''">
        <DCC_Define>DEBUG;$(DCC_Define)</DCC_Define>
    </PropertyGroup>
    <PropertyGroup Condition="'$(Cfg_2_Win32)'!=''">
        <DCC_ExeOutput>C:\Users\DSSDeveloper\Desktop\oCNTFramework\_output\</DCC_ExeOutput>
        <Debugger_HostApplication>C:\Program Files\Vista\CPRSChart.exe</Debugger_HostApplication>
        <DCC_UnitSearchPath>C:\Users\DSSDeveloper\Desktop\oCNTFramework\oCNTFramework\oCNTForm;$(DCC_UnitSearchPath)</DCC_UnitSearchPath>
        <VerInfo_Build>5</VerInfo_Build>
        <Manifest_File>None</Manifest_File>
        <VerInfo_Keys>CompanyName=Document Storage Systems, Inc.;FileDescription=;FileVersion=0.0.1.5;InternalName=;LegalCopyright=;LegalTrademarks=;OriginalFilename=;ProductName=;ProductVersion=0.0.1.5;Comments=</VerInfo_Keys>
    </PropertyGroup>
    <ItemGroup>
        <DelphiCompile Include="$(MainSource)">
            <MainSource>MainSource</MainSource>
        </DelphiCompile>
        <DCCReference Include="udlgAbdomPain.pas">
            <Form>dlgAbdomPain</Form>
        </DCCReference>
        <DCCReference Include="udlgBackPain.pas">
            <Form>dlgBackPain</Form>
        </DCCReference>
        <DCCReference Include="udlgCoughCongest.pas">
            <Form>dlgCoughCongest</Form>
        </DCCReference>
        <DCCReference Include="udlgDATE.pas">
            <Form>dlgDate</Form>
        </DCCReference>
        <DCCReference Include="udlgDelivery.pas">
            <Form>dlgDelivery</Form>
        </DCCReference>
        <DCCReference Include="udlgMaternal.pas">
            <Form>dlgMaternal</Form>
        </DCCReference>
        <DCCReference Include="udlgEstDelivDate.pas">
            <Form>dlgEstDelivDate</Form>
        </DCCReference>
        <DCCReference Include="udlgFamily.pas">
            <Form>dlgFamily</Form>
        </DCCReference>
        <DCCReference Include="udlgFetalMov.pas">
            <Form>dlgFetalMov</Form>
        </DCCReference>
        <DCCReference Include="udlgHeadache.pas">
            <Form>dlgHeadache</Form>
        </DCCReference>
        <DCCReference Include="udlgInfectHist.pas">
            <Form>dlgInfectHist</Form>
        </DCCReference>
        <DCCReference Include="udlgLegPain.pas">
            <Form>dlgLegPain</Form>
        </DCCReference>
        <DCCReference Include="udlgMedical.pas">
            <Form>dlgMedical</Form>
        </DCCReference>
        <DCCReference Include="udlgMenstHist.pas">
            <Form>dlgMenstHist</Form>
        </DCCReference>
        <DCCReference Include="udlgModTotPregs.pas">
            <Form>dlgModTotPregs</Form>
        </DCCReference>
        <DCCReference Include="udlgNausea.pas">
            <Form>dlgNausea</Form>
        </DCCReference>
        <DCCReference Include="udlgPalp.pas">
            <Form>dlgPalp</Form>
        </DCCReference>
        <DCCReference Include="udlgPreNatal.pas">
            <Form>dlgPreNatal</Form>
        </DCCReference>
        <DCCReference Include="udlgRash.pas">
            <Form>dlgRash</Form>
        </DCCReference>
        <DCCReference Include="udlgRTClinic.pas">
            <Form>dlgRTClinic</Form>
        </DCCReference>
        <DCCReference Include="udlgSocial.pas">
            <Form>dlgSocial</Form>
        </DCCReference>
        <DCCReference Include="udlgVagBleed.pas">
            <Form>dlgVagBleed</Form>
        </DCCReference>
        <DCCReference Include="udlgVagDischarge.pas">
            <Form>dlgVagDischarge</Form>
        </DCCReference>
        <DCCReference Include="udlgVisualChanges.pas">
            <Form>dlgVisualChanges</Form>
        </DCCReference>
        <DCCReference Include="udlgWheezing.pas">
            <Form>dlgWheezing</Form>
        </DCCReference>
        <DCCReference Include="udlgOBEXAMHX.pas">
            <Form>dlgOBExamHx</Form>
        </DCCReference>
        <DCCReference Include="udlgPregHist.pas">
            <Form>dlgPregHist</Form>
        </DCCReference>
        <DCCReference Include="fPregHist.pas">
            <Form>frmPregHist</Form>
        </DCCReference>
        <DCCReference Include="fChildHist.pas">
            <Form>frmChildHist</Form>
        </DCCReference>
        <DCCReference Include="udlgGenetic.pas">
            <Form>dlgGenetic</Form>
        </DCCReference>
        <DCCReference Include="udlgSurgical.pas">
            <Form>dlgSurgical</Form>
        </DCCReference>
        <DCCReference Include="udlgOBSpread.pas">
            <Form>dlgOBSpread</Form>
        </DCCReference>
        <DCCReference Include="udlgImmunizations.pas">
            <Form>dlgImmunizations</Form>
        </DCCReference>
        <DCCReference Include="udlgROS.pas">
            <Form>dlgROS</Form>
        </DCCReference>
        <DCCReference Include="udlgPhysicalExam.pas">
            <Form>dlgPhysicalExam</Form>
        </DCCReference>
        <DCCReference Include="udlgHistory.pas">
            <Form>dlgHistory</Form>
        </DCCReference>
        <DCCReference Include="..\..\..\Documents\RAD Studio\11.0\Imports\CPRSChart_TLB.pas"/>
        <DCCReference Include="udlgEducation.pas">
            <Form>dlgEducation</Form>
            <FormType>dfm</FormType>
        </DCCReference>
        <BuildConfiguration Include="Debug">
            <Key>Cfg_2</Key>
            <CfgParent>Base</CfgParent>
        </BuildConfiguration>
        <BuildConfiguration Include="Base">
            <Key>Base</Key>
        </BuildConfiguration>
        <BuildConfiguration Include="Release">
            <Key>Cfg_1</Key>
            <CfgParent>Base</CfgParent>
        </BuildConfiguration>
    </ItemGroup>
    <Import Project="$(BDS)\Bin\CodeGear.Delphi.Targets" Condition="Exists('$(BDS)\Bin\CodeGear.Delphi.Targets')"/>
    <ProjectExtensions>
        <Borland.Personality>Delphi.Personality.12</Borland.Personality>
        <Borland.ProjectType/>
        <BorlandProject>
            <Delphi.Personality>
                <Source>
                    <Source Name="MainSource">oCNTDialogs.dpr</Source>
                </Source>
                <Parameters>
                    <Parameters Name="UseLauncher">False</Parameters>
                    <Parameters Name="LoadAllSymbols">True</Parameters>
                    <Parameters Name="LoadUnspecifiedSymbols">False</Parameters>
                    <Parameters Name="HostApplication">C:\Vista\cprs\OR_3_306V29\CPRS-chart\CPRSChart.exe</Parameters>
                </Parameters>
                <VersionInfo>
                    <VersionInfo Name="IncludeVerInfo">True</VersionInfo>
                    <VersionInfo Name="AutoIncBuild">False</VersionInfo>
                    <VersionInfo Name="MajorVer">0</VersionInfo>
                    <VersionInfo Name="MinorVer">0</VersionInfo>
                    <VersionInfo Name="Release">1</VersionInfo>
                    <VersionInfo Name="Build">4</VersionInfo>
                    <VersionInfo Name="Debug">False</VersionInfo>
                    <VersionInfo Name="PreRelease">False</VersionInfo>
                    <VersionInfo Name="Special">False</VersionInfo>
                    <VersionInfo Name="Private">False</VersionInfo>
                    <VersionInfo Name="DLL">True</VersionInfo>
                    <VersionInfo Name="Locale">1033</VersionInfo>
                    <VersionInfo Name="CodePage">1252</VersionInfo>
                </VersionInfo>
                <VersionInfoKeys>
                    <VersionInfoKeys Name="CompanyName">DSS Inc.</VersionInfoKeys>
                    <VersionInfoKeys Name="FileDescription">OCNT Dialogs</VersionInfoKeys>
                    <VersionInfoKeys Name="FileVersion">0.0.1.4</VersionInfoKeys>
                    <VersionInfoKeys Name="InternalName"/>
                    <VersionInfoKeys Name="LegalCopyright">Apache License 2.0</VersionInfoKeys>
                    <VersionInfoKeys Name="LegalTrademarks"/>
                    <VersionInfoKeys Name="OriginalFilename"/>
                    <VersionInfoKeys Name="ProductName"/>
                    <VersionInfoKeys Name="ProductVersion">0.0.1.4</VersionInfoKeys>
                    <VersionInfoKeys Name="Comments"/>
                </VersionInfoKeys>
                <Excluded_Packages>
                    <Excluded_Packages Name="$(BDSBIN)\dcloffice2k180.bpl">Microsoft Office 2000 Sample Automation Server Wrapper Components</Excluded_Packages>
                    <Excluded_Packages Name="$(BDSBIN)\dclofficexp180.bpl">Microsoft Office XP Sample Automation Server Wrapper Components</Excluded_Packages>
                </Excluded_Packages>
            </Delphi.Personality>
            <Platforms>
                <Platform value="Win32">True</Platform>
                <Platform value="Win64">False</Platform>
            </Platforms>
        </BorlandProject>
        <ProjectFileVersion>12</ProjectFileVersion>
    </ProjectExtensions>
    <Import Project="$(APPDATA)\Embarcadero\$(BDSAPPDATABASEDIR)\$(PRODUCTVERSION)\UserTools.proj" Condition="Exists('$(APPDATA)\Embarcadero\$(BDSAPPDATABASEDIR)\$(PRODUCTVERSION)\UserTools.proj')"/>
</Project>
