<Project xmlns="http://schemas.microsoft.com/developer/msbuild/2003">
    <PropertyGroup>
        <ProjectGuid>{64E129B6-059C-4494-96E3-3A050E8EED3B}</ProjectGuid>
        <MainSource>DDCSFramework.dpk</MainSource>
        <ProjectVersion>18.1</ProjectVersion>
        <Config Condition="'$(Config)'==''">Debug</Config>
        <DCC_DCCCompiler>DCC32</DCC_DCCCompiler>
        <FrameworkType>VCL</FrameworkType>
        <Base>True</Base>
        <Platform Condition="'$(Platform)'==''">Win32</Platform>
        <TargetedPlatforms>1</TargetedPlatforms>
        <AppType>Package</AppType>
    </PropertyGroup>
    <PropertyGroup Condition="'$(Config)'=='Base' or '$(Base)'!=''">
        <Base>true</Base>
    </PropertyGroup>
    <PropertyGroup Condition="('$(Platform)'=='Android' and '$(Base)'=='true') or '$(Base_Android)'!=''">
        <Base_Android>true</Base_Android>
        <CfgParent>Base</CfgParent>
        <Base>true</Base>
    </PropertyGroup>
    <PropertyGroup Condition="('$(Platform)'=='iOSDevice32' and '$(Base)'=='true') or '$(Base_iOSDevice32)'!=''">
        <Base_iOSDevice32>true</Base_iOSDevice32>
        <CfgParent>Base</CfgParent>
        <Base>true</Base>
    </PropertyGroup>
    <PropertyGroup Condition="('$(Platform)'=='iOSDevice64' and '$(Base)'=='true') or '$(Base_iOSDevice64)'!=''">
        <Base_iOSDevice64>true</Base_iOSDevice64>
        <CfgParent>Base</CfgParent>
        <Base>true</Base>
    </PropertyGroup>
    <PropertyGroup Condition="('$(Platform)'=='iOSSimulator' and '$(Base)'=='true') or '$(Base_iOSSimulator)'!=''">
        <Base_iOSSimulator>true</Base_iOSSimulator>
        <CfgParent>Base</CfgParent>
        <Base>true</Base>
    </PropertyGroup>
    <PropertyGroup Condition="('$(Platform)'=='OSX32' and '$(Base)'=='true') or '$(Base_OSX32)'!=''">
        <Base_OSX32>true</Base_OSX32>
        <CfgParent>Base</CfgParent>
        <Base>true</Base>
    </PropertyGroup>
    <PropertyGroup Condition="('$(Platform)'=='Win32' and '$(Base)'=='true') or '$(Base_Win32)'!=''">
        <Base_Win32>true</Base_Win32>
        <CfgParent>Base</CfgParent>
        <Base>true</Base>
    </PropertyGroup>
    <PropertyGroup Condition="('$(Platform)'=='Win64' and '$(Base)'=='true') or '$(Base_Win64)'!=''">
        <Base_Win64>true</Base_Win64>
        <CfgParent>Base</CfgParent>
        <Base>true</Base>
    </PropertyGroup>
    <PropertyGroup Condition="'$(Config)'=='Release' or '$(Cfg_1)'!=''">
        <Cfg_1>true</Cfg_1>
        <CfgParent>Base</CfgParent>
        <Base>true</Base>
    </PropertyGroup>
    <PropertyGroup Condition="('$(Platform)'=='Win32' and '$(Cfg_1)'=='true') or '$(Cfg_1_Win32)'!=''">
        <Cfg_1_Win32>true</Cfg_1_Win32>
        <CfgParent>Cfg_1</CfgParent>
        <Cfg_1>true</Cfg_1>
        <Base>true</Base>
    </PropertyGroup>
    <PropertyGroup Condition="'$(Config)'=='Debug' or '$(Cfg_2)'!=''">
        <Cfg_2>true</Cfg_2>
        <CfgParent>Base</CfgParent>
        <Base>true</Base>
    </PropertyGroup>
    <PropertyGroup Condition="('$(Platform)'=='iOSDevice32' and '$(Cfg_2)'=='true') or '$(Cfg_2_iOSDevice32)'!=''">
        <Cfg_2_iOSDevice32>true</Cfg_2_iOSDevice32>
        <CfgParent>Cfg_2</CfgParent>
        <Cfg_2>true</Cfg_2>
        <Base>true</Base>
    </PropertyGroup>
    <PropertyGroup Condition="('$(Platform)'=='iOSDevice64' and '$(Cfg_2)'=='true') or '$(Cfg_2_iOSDevice64)'!=''">
        <Cfg_2_iOSDevice64>true</Cfg_2_iOSDevice64>
        <CfgParent>Cfg_2</CfgParent>
        <Cfg_2>true</Cfg_2>
        <Base>true</Base>
    </PropertyGroup>
    <PropertyGroup Condition="('$(Platform)'=='Win32' and '$(Cfg_2)'=='true') or '$(Cfg_2_Win32)'!=''">
        <Cfg_2_Win32>true</Cfg_2_Win32>
        <CfgParent>Cfg_2</CfgParent>
        <Cfg_2>true</Cfg_2>
        <Base>true</Base>
    </PropertyGroup>
    <PropertyGroup Condition="'$(Base)'!=''">
        <SanitizedProjectName>DDCSFramework</SanitizedProjectName>
        <VerInfo_MajorVer>0</VerInfo_MajorVer>
        <VerInfo_IncludeVerInfo>true</VerInfo_IncludeVerInfo>
        <VerInfo_Release>2</VerInfo_Release>
        <VerInfo_Keys>CompanyName=DSS Inc.;FileDescription=;FileVersion=0.0.2.4;InternalName=;LegalCopyright=Apache License 2.0;LegalTrademarks=;OriginalFilename=;ProductName=;ProductVersion=0.0.2.4;Comments=</VerInfo_Keys>
        <VerInfo_Locale>1033</VerInfo_Locale>
        <VerInfo_Build>4</VerInfo_Build>
        <DCC_Namespace>System;Xml;Data;Datasnap;Web;Soap;Winapi;Vcl;Vcl.Imaging;Vcl.Samples;Vcl.Touch;Vcl.Shell;$(DCC_Namespace)</DCC_Namespace>
        <DCC_DependencyCheckOutputName>..\..\..\..\All Users\Documents\RAD Studio\7.0\Bpl\oCNTFramework.bpl</DCC_DependencyCheckOutputName>
        <GenDll>true</GenDll>
        <GenPackage>true</GenPackage>
        <DCC_ImageBase>00400000</DCC_ImageBase>
        <DCC_Platform>x86</DCC_Platform>
    </PropertyGroup>
    <PropertyGroup Condition="'$(Base_Android)'!=''">
        <DCC_UsePackage>dbrtl;xmlrtl;$(DCC_UsePackage)</DCC_UsePackage>
        <VerInfo_IncludeVerInfo>false</VerInfo_IncludeVerInfo>
        <EnabledSysJars>android-support-v4.dex.jar;apk-expansion.dex.jar;cloud-messaging.dex.jar;fmx.dex.jar;google-analytics-v2.dex.jar;google-play-billing.dex.jar;google-play-licensing.dex.jar;google-play-services.dex.jar</EnabledSysJars>
        <BT_BuildType>Debug</BT_BuildType>
        <VerInfo_Keys>package=com.embarcadero.$(MSBuildProjectName);label=$(MSBuildProjectName);versionCode=1;versionName=1.0.0;persistent=False;restoreAnyVersion=False;installLocation=auto;largeHeap=False;theme=TitleBar;hardwareAccelerated=true;apiKey=</VerInfo_Keys>
    </PropertyGroup>
    <PropertyGroup Condition="'$(Base_iOSDevice32)'!=''">
        <VerInfo_Keys>CFBundleName=$(MSBuildProjectName);CFBundleDevelopmentRegion=en;CFBundleDisplayName=$(MSBuildProjectName);CFBundleIdentifier=$(MSBuildProjectName);CFBundleInfoDictionaryVersion=7.1;CFBundleVersion=1.0.0.0;CFBundlePackageType=APPL;CFBundleSignature=????;LSRequiresIPhoneOS=true;CFBundleAllowMixedLocalizations=YES;CFBundleExecutable=$(MSBuildProjectName);UIDeviceFamily=iPhone &amp; iPad;CFBundleResourceSpecification=ResourceRules.plist;NSLocationAlwaysUsageDescription=The reason for accessing the location information of the user;NSLocationWhenInUseUsageDescription=The reason for accessing the location information of the user;FMLocalNotificationPermission=false;UIBackgroundModes=</VerInfo_Keys>
        <Base_iOSDevice>true</Base_iOSDevice>
        <VerInfo_UIDeviceFamily>iPhoneAndiPad</VerInfo_UIDeviceFamily>
        <VerInfo_BundleId>$(MSBuildProjectName)</VerInfo_BundleId>
        <BT_BuildType>Debug</BT_BuildType>
        <Base>true</Base>
        <CfgParent>Base</CfgParent>
        <DCC_UsePackage>rtl;$(DCC_UsePackage);dbrtl;xmlrtl;$(DCC_UsePackage)</DCC_UsePackage>
    </PropertyGroup>
    <PropertyGroup Condition="'$(Base_iOSDevice64)'!=''">
        <VerInfo_Keys>CFBundleName=$(MSBuildProjectName);CFBundleDevelopmentRegion=en;CFBundleDisplayName=$(MSBuildProjectName);CFBundleIdentifier=$(MSBuildProjectName);CFBundleInfoDictionaryVersion=7.1;CFBundleVersion=1.0.0.0;CFBundlePackageType=APPL;CFBundleSignature=????;LSRequiresIPhoneOS=true;CFBundleAllowMixedLocalizations=YES;CFBundleExecutable=$(MSBuildProjectName);UIDeviceFamily=iPhone &amp; iPad;CFBundleResourceSpecification=ResourceRules.plist;NSLocationAlwaysUsageDescription=The reason for accessing the location information of the user;NSLocationWhenInUseUsageDescription=The reason for accessing the location information of the user;FMLocalNotificationPermission=false;UIBackgroundModes=</VerInfo_Keys>
        <Base_iOSDevice>true</Base_iOSDevice>
        <VerInfo_UIDeviceFamily>iPhoneAndiPad</VerInfo_UIDeviceFamily>
        <VerInfo_BundleId>$(MSBuildProjectName)</VerInfo_BundleId>
        <BT_BuildType>Debug</BT_BuildType>
        <Base>true</Base>
        <CfgParent>Base</CfgParent>
        <DCC_UsePackage>rtl;$(DCC_UsePackage);dbrtl;xmlrtl;$(DCC_UsePackage)</DCC_UsePackage>
    </PropertyGroup>
    <PropertyGroup Condition="'$(Base_iOSSimulator)'!=''">
        <DCC_UsePackage>rtl;dbrtl;xmlrtl;$(DCC_UsePackage)</DCC_UsePackage>
    </PropertyGroup>
    <PropertyGroup Condition="'$(Base_OSX32)'!=''">
        <DCC_UsePackage>rtl;dbrtl;xmlrtl;$(DCC_UsePackage)</DCC_UsePackage>
    </PropertyGroup>
    <PropertyGroup Condition="'$(Base_Win32)'!=''">
        <AppEnableRuntimeThemes>true</AppEnableRuntimeThemes>
        <DCC_UsePackage>rtl;vcl;vclimg;VclSmp;Jcl;JvCore;JvStdCtrls;XWB_RXE;VA_All_XE4;VA_All_XE8;Tee;dbrtl;xmlrtl;vclactnband;vclx;$(DCC_UsePackage)</DCC_UsePackage>
        <VerInfo_Keys>CompanyName=;FileDescription=;FileVersion=1.0.0.0;InternalName=;LegalCopyright=;LegalTrademarks=;OriginalFilename=;ProductName=;ProductVersion=1.0.0.0;Comments=</VerInfo_Keys>
        <Debugger_HostApplication>C:\Vista\cprs\OR_3_306V29\CPRS-chart\CPRSChart.exe</Debugger_HostApplication>
        <DCC_Namespace>System.Win;Data.Win;Datasnap.Win;Web.Win;Soap.Win;Xml.Win;Bde;$(DCC_Namespace)</DCC_Namespace>
        <VerInfo_Locale>1033</VerInfo_Locale>
        <Manifest_File>$(BDS)\bin\default_app.manifest</Manifest_File>
        <VerInfo_IncludeVerInfo>true</VerInfo_IncludeVerInfo>
    </PropertyGroup>
    <PropertyGroup Condition="'$(Base_Win64)'!=''">
        <AppEnableRuntimeThemes>true</AppEnableRuntimeThemes>
        <DCC_UsePackage>rtl;vcl;vclimg;VclSmp;Tee;dbrtl;xmlrtl;vclactnband;vclx;$(DCC_UsePackage)</DCC_UsePackage>
        <Manifest_File>$(BDS)\bin\default_app.manifest</Manifest_File>
    </PropertyGroup>
    <PropertyGroup Condition="'$(Cfg_1)'!=''">
        <DCC_LocalDebugSymbols>false</DCC_LocalDebugSymbols>
        <DCC_Define>RELEASE;$(DCC_Define)</DCC_Define>
        <DCC_SymbolReferenceInfo>0</DCC_SymbolReferenceInfo>
        <DCC_DebugInformation>0</DCC_DebugInformation>
    </PropertyGroup>
    <PropertyGroup Condition="'$(Cfg_1_Win32)'!=''">
        <VerInfo_MinorVer>2</VerInfo_MinorVer>
        <DCC_Define>DDCS;$(DCC_Define)</DCC_Define>
        <Debugger_RunParams>S=R90A61NE P=9000</Debugger_RunParams>
        <VerInfo_Release>0</VerInfo_Release>
        <VerInfo_MajorVer>2</VerInfo_MajorVer>
        <VerInfo_Build>0</VerInfo_Build>
        <Debugger_HostApplication>C:\Users\DSSDeveloper\Documents\GitHub\Maternity-Tracker\DDCS\_lib\CPRSChart.exe</Debugger_HostApplication>
        <VerInfo_Keys>CompanyName=Veterans Health Administration;FileDescription=Delphi DDCS Base Component;FileVersion=2.2.0.0;InternalName=DDCSFramework.bpl;LegalCopyright=Licensed under the Apache License, Version 2.0;LegalTrademarks=;OriginalFilename=;ProductName=DSIO DDCS;ProductVersion=2.2.0.0;Comments=</VerInfo_Keys>
    </PropertyGroup>
    <PropertyGroup Condition="'$(Cfg_2_iOSDevice32)'!=''">
        <DCC_RemoteDebug>true</DCC_RemoteDebug>
    </PropertyGroup>
    <PropertyGroup Condition="'$(Cfg_2_iOSDevice64)'!=''">
        <DCC_RemoteDebug>true</DCC_RemoteDebug>
    </PropertyGroup>
    <PropertyGroup Condition="'$(Cfg_2_Win32)'!=''">
        <DCC_Define>DDCS;$(DCC_Define)</DCC_Define>
        <Debugger_RunParams>S=R90A61NE P=9000</Debugger_RunParams>
        <VerInfo_MajorVer>2</VerInfo_MajorVer>
        <VerInfo_Build>0</VerInfo_Build>
        <VerInfo_Release>0</VerInfo_Release>
        <Debugger_HostApplication>C:\Users\DSSDeveloper\Documents\GitHub\Maternity-Tracker\DDCS\_lib\CPRSChart.exe</Debugger_HostApplication>
        <VerInfo_Keys>CompanyName=Veterans Health Administration;FileDescription=;FileVersion=2.0.0.0;InternalName=;LegalCopyright=;LegalTrademarks=;OriginalFilename=;ProductName=;ProductVersion=2.0.0.0;Comments=</VerInfo_Keys>
    </PropertyGroup>
    <ItemGroup>
        <DelphiCompile Include="$(MainSource)">
            <MainSource>MainSource</MainSource>
        </DelphiCompile>
        <DCCReference Include="VclSmp.dcp"/>
        <DCCReference Include="VA_All_XE8.dcp"/>
        <DCCReference Include="Jcl.dcp"/>
        <DCCReference Include="JvCore.dcp"/>
        <DCCReference Include="JvStdCtrls.dcp"/>
        <DCCReference Include="frmAbout.pas">
            <Form>DDCSAbout</Form>
        </DCCReference>
        <DCCReference Include="frmSplash.pas">
            <Form>DDCSSplash</Form>
        </DCCReference>
        <DCCReference Include="frmPreview.pas">
            <Form>ReviewNoteDlg</Form>
        </DCCReference>
        <DCCReference Include="uExtndComBroker.pas"/>
        <DCCReference Include="frmConfiguration.pas">
            <Form>DDCSConfiguration</Form>
        </DCCReference>
        <DCCReference Include="frmConfigMultiItemAdd.pas">
            <Form>AddItem</Form>
        </DCCReference>
        <DCCReference Include="uReportItems.pas"/>
        <DCCReference Include="frmVitals.pas">
            <Form>DDCSVitals</Form>
            <FormType>dfm</FormType>
            <DesignClass>TFrame</DesignClass>
        </DCCReference>
        <DCCReference Include="uCommon.pas"/>
        <DCCReference Include="dBaseEditor.pas"/>
        <DCCReference Include="uBase.pas"/>
        <BuildConfiguration Include="Debug">
            <Key>Cfg_2</Key>
            <CfgParent>Base</CfgParent>
        </BuildConfiguration>
        <BuildConfiguration Include="Base">
            <Key>Base</Key>
        </BuildConfiguration>
        <BuildConfiguration Include="Release">
            <Key>Cfg_1</Key>
            <CfgParent>Base</CfgParent>
        </BuildConfiguration>
    </ItemGroup>
    <Import Project="$(BDS)\Bin\CodeGear.Delphi.Targets" Condition="Exists('$(BDS)\Bin\CodeGear.Delphi.Targets')"/>
    <ProjectExtensions>
        <Borland.Personality>Delphi.Personality.12</Borland.Personality>
        <Borland.ProjectType>Package</Borland.ProjectType>
        <BorlandProject>
            <Delphi.Personality>
                <Source>
                    <Source Name="MainSource">DDCSFramework.dpk</Source>
                </Source>
                <Parameters>
                    <Parameters Name="UseLauncher">False</Parameters>
                    <Parameters Name="LoadAllSymbols">True</Parameters>
                    <Parameters Name="LoadUnspecifiedSymbols">False</Parameters>
                    <Parameters Name="HostApplication">C:\Vista\cprs\OR_3_306V29\CPRS-chart\CPRSChart.exe</Parameters>
                </Parameters>
                <VersionInfo>
                    <VersionInfo Name="IncludeVerInfo">True</VersionInfo>
                    <VersionInfo Name="AutoIncBuild">False</VersionInfo>
                    <VersionInfo Name="MajorVer">0</VersionInfo>
                    <VersionInfo Name="MinorVer">0</VersionInfo>
                    <VersionInfo Name="Release">2</VersionInfo>
                    <VersionInfo Name="Build">4</VersionInfo>
                    <VersionInfo Name="Debug">False</VersionInfo>
                    <VersionInfo Name="PreRelease">False</VersionInfo>
                    <VersionInfo Name="Special">False</VersionInfo>
                    <VersionInfo Name="Private">False</VersionInfo>
                    <VersionInfo Name="DLL">False</VersionInfo>
                    <VersionInfo Name="Locale">1033</VersionInfo>
                    <VersionInfo Name="CodePage">1252</VersionInfo>
                </VersionInfo>
                <VersionInfoKeys>
                    <VersionInfoKeys Name="CompanyName">DSS Inc.</VersionInfoKeys>
                    <VersionInfoKeys Name="FileDescription"/>
                    <VersionInfoKeys Name="FileVersion">0.0.2.4</VersionInfoKeys>
                    <VersionInfoKeys Name="InternalName"/>
                    <VersionInfoKeys Name="LegalCopyright">Apache License 2.0</VersionInfoKeys>
                    <VersionInfoKeys Name="LegalTrademarks"/>
                    <VersionInfoKeys Name="OriginalFilename"/>
                    <VersionInfoKeys Name="ProductName"/>
                    <VersionInfoKeys Name="ProductVersion">0.0.2.4</VersionInfoKeys>
                    <VersionInfoKeys Name="Comments"/>
                </VersionInfoKeys>
                <Excluded_Packages>
                    <Excluded_Packages/>
                    <Excluded_Packages Name="C:\VCL\DevExpress VCL\Library\RS23\dcldxCoreRS23.bpl">ExpressCoreLibrary by Developer Express Inc.</Excluded_Packages>
                    <Excluded_Packages Name="C:\VCL\DevExpress VCL\Library\RS23\dclcxLibraryRS23.bpl">Express Cross Platform Library by Developer Express Inc.</Excluded_Packages>
                    <Excluded_Packages Name="C:\VCL\DevExpress VCL\Library\RS23\dclcxPageControlRS23.bpl">ExpressPageControl by Developer Express Inc.</Excluded_Packages>
                    <Excluded_Packages Name="C:\VCL\DevExpress VCL\Library\RS23\dcldxServerModeRS23.bpl">ExpressDataController Server Mode by Developer Express Inc.</Excluded_Packages>
                    <Excluded_Packages Name="C:\VCL\DevExpress VCL\Library\RS23\dcldxDBXServerModeRS23.bpl">dbExpress Data Source for ExpressDataController Server Mode by Developer Express Inc.</Excluded_Packages>
                    <Excluded_Packages Name="C:\VCL\DevExpress VCL\Library\RS23\dcldxFireDACServerModeRS23.bpl">FireDAC Data Source for ExpressDataController Server Mode by Developer Express Inc.</Excluded_Packages>
                    <Excluded_Packages Name="C:\VCL\DevExpress VCL\Library\RS23\dcldxADOServerModeRS23.bpl">ADO Data Source for ExpressDataController Server Mode by Developer Express Inc.</Excluded_Packages>
                    <Excluded_Packages Name="C:\VCL\DevExpress VCL\Library\RS23\dclcxEditorsRS23.bpl">ExpressEditors Library by Developer Express Inc.</Excluded_Packages>
                    <Excluded_Packages Name="C:\VCL\DevExpress VCL\Library\RS23\dclcxEditorFieldLinkRS23.bpl">ExpressEditors FieldLink by Developer Express Inc.</Excluded_Packages>
                    <Excluded_Packages Name="C:\VCL\DevExpress VCL\Library\RS23\dcldxWizardControlRS23.bpl">ExpressWizardControl by Developer Express Inc.</Excluded_Packages>
                    <Excluded_Packages Name="C:\VCL\DevExpress VCL\Library\RS23\dclcxBarEditItemRS23.bpl">ExpressBars cxEditor item by Developer Express Inc.</Excluded_Packages>
                    <Excluded_Packages Name="C:\VCL\DevExpress VCL\Library\RS23\dcldxBarRS23.bpl">ExpressBars by Developer Express Inc.</Excluded_Packages>
                    <Excluded_Packages Name="C:\VCL\DevExpress VCL\Library\RS23\dcldxBarExtDBItemsRS23.bpl">ExpressBars extended DB items by Developer Express Inc.</Excluded_Packages>
                    <Excluded_Packages Name="C:\VCL\DevExpress VCL\Library\RS23\dcldxBarExtItemsRS23.bpl">ExpressBars extended items by Developer Express Inc.</Excluded_Packages>
                    <Excluded_Packages Name="C:\VCL\DevExpress VCL\Library\RS23\dcldxBarDBNavRS23.bpl">ExpressBars DBNavigator by Developer Express Inc.</Excluded_Packages>
                    <Excluded_Packages Name="C:\VCL\DevExpress VCL\Library\RS23\dcldxRibbonRS23.bpl">ExpressBars Ribbon controls by Developer Express Inc.</Excluded_Packages>
                    <Excluded_Packages Name="C:\VCL\DevExpress VCL\Library\RS23\dcldxTabbedMDIRS23.bpl">ExpressBars Tabbed MDI by Developer Express Inc.</Excluded_Packages>
                    <Excluded_Packages Name="C:\VCL\DevExpress VCL\Library\RS23\dcldxDockingRS23.bpl">ExpressDocking Library by Developer Express Inc.</Excluded_Packages>
                    <Excluded_Packages Name="C:\VCL\DevExpress VCL\Library\RS23\dcldxLayoutControlRS23.bpl">ExpressLayout Control by Developer Express Inc.</Excluded_Packages>
                    <Excluded_Packages Name="C:\VCL\DevExpress VCL\Library\RS23\dcldxSpreadSheetRS23.bpl">ExpressSpreadSheet by Developer Express Inc.</Excluded_Packages>
                    <Excluded_Packages Name="C:\VCL\DevExpress VCL\Library\RS23\dclcxTreeListRS23.bpl">ExpressQuantumTreeList by Developer Express Inc.</Excluded_Packages>
                    <Excluded_Packages Name="C:\VCL\DevExpress VCL\Library\RS23\dclcxGridRS23.bpl">ExpressQuantumGrid by Developer Express Inc.</Excluded_Packages>
                    <Excluded_Packages Name="C:\VCL\DevExpress VCL\Library\RS23\dclcxVerticalGridRS23.bpl">ExpressVerticalGrid by Developer Express Inc.</Excluded_Packages>
                    <Excluded_Packages Name="C:\VCL\DevExpress VCL\Library\RS23\dcldxmdsRS23.bpl">ExpressMemData by Developer Express Inc.</Excluded_Packages>
                    <Excluded_Packages Name="C:\VCL\DevExpress VCL\Library\RS23\dcldxSpellCheckerRS23.bpl">ExpressSpellChecker 2 by Developer Express Inc.</Excluded_Packages>
                    <Excluded_Packages Name="C:\VCL\DevExpress VCL\Library\RS23\dcldxTileControlRS23.bpl">ExpressTileControl by Developer Express Inc.</Excluded_Packages>
                    <Excluded_Packages Name="C:\VCL\DevExpress VCL\Library\RS23\dcldxNavBarRS23.bpl">ExpressNavBar by Developer Express Inc.</Excluded_Packages>
                    <Excluded_Packages Name="C:\VCL\DevExpress VCL\Library\RS23\dcldxSkinsCoreRS23.bpl">ExpressSkins Library by Developer Express Inc.</Excluded_Packages>
                    <Excluded_Packages Name="C:\VCL\DevExpress VCL\Library\RS23\dxSkinBlackRS23.bpl">ExpressSkins - Black Skin by Developer Express Inc.</Excluded_Packages>
                    <Excluded_Packages Name="C:\VCL\DevExpress VCL\Library\RS23\dxSkinBlueprintRS23.bpl">ExpressSkins - Blueprint Skin by Developer Express Inc.</Excluded_Packages>
                    <Excluded_Packages Name="C:\VCL\DevExpress VCL\Library\RS23\dxSkinBlueRS23.bpl">ExpressSkins - Blue Skin by Developer Express Inc.</Excluded_Packages>
                    <Excluded_Packages Name="C:\VCL\DevExpress VCL\Library\RS23\dxSkinCaramelRS23.bpl">ExpressSkins - Caramel Skin by Developer Express Inc.</Excluded_Packages>
                    <Excluded_Packages Name="C:\VCL\DevExpress VCL\Library\RS23\dxSkinCoffeeRS23.bpl">ExpressSkins - Coffee Skin by Developer Express Inc.</Excluded_Packages>
                    <Excluded_Packages Name="C:\VCL\DevExpress VCL\Library\RS23\dxSkinDarkRoomRS23.bpl">ExpressSkins - Darkroom Skin by Developer Express Inc.</Excluded_Packages>
                    <Excluded_Packages Name="C:\VCL\DevExpress VCL\Library\RS23\dxSkinDarkSideRS23.bpl">ExpressSkins - DarkSide Skin by Developer Express Inc.</Excluded_Packages>
                    <Excluded_Packages Name="C:\VCL\DevExpress VCL\Library\RS23\dxSkinDevExpressDarkStyleRS23.bpl">ExpressSkins - DevExpressDarkStyle Skin by Developer Express Inc.</Excluded_Packages>
                    <Excluded_Packages Name="C:\VCL\DevExpress VCL\Library\RS23\dxSkinDevExpressStyleRS23.bpl">ExpressSkins - DevExpressStyle Skin by Developer Express Inc.</Excluded_Packages>
                    <Excluded_Packages Name="C:\VCL\DevExpress VCL\Library\RS23\dxSkinFoggyRS23.bpl">ExpressSkins - Foggy Skin by Developer Express Inc.</Excluded_Packages>
                    <Excluded_Packages Name="C:\VCL\DevExpress VCL\Library\RS23\dxSkinGlassOceansRS23.bpl">ExpressSkins - GlassOceans Skin by Developer Express Inc.</Excluded_Packages>
                    <Excluded_Packages Name="C:\VCL\DevExpress VCL\Library\RS23\dxSkinHighContrastRS23.bpl">ExpressSkins - HighContrast Skin by Developer Express Inc.</Excluded_Packages>
                    <Excluded_Packages Name="C:\VCL\DevExpress VCL\Library\RS23\dxSkiniMaginaryRS23.bpl">ExpressSkins - iMaginary Skin by Developer Express Inc.</Excluded_Packages>
                    <Excluded_Packages Name="C:\VCL\DevExpress VCL\Library\RS23\dxSkinLilianRS23.bpl">ExpressSkins - Lilian Skin by Developer Express Inc.</Excluded_Packages>
                    <Excluded_Packages Name="C:\VCL\DevExpress VCL\Library\RS23\dxSkinLiquidSkyRS23.bpl">ExpressSkins - LiquidSky Skin by Developer Express Inc.</Excluded_Packages>
                    <Excluded_Packages Name="C:\VCL\DevExpress VCL\Library\RS23\dxSkinLondonLiquidSkyRS23.bpl">ExpressSkins - LondonLiquidSky Skin by Developer Express Inc.</Excluded_Packages>
                    <Excluded_Packages Name="C:\VCL\DevExpress VCL\Library\RS23\dxSkinMcSkinRS23.bpl">ExpressSkins - McSkin Skin by Developer Express Inc.</Excluded_Packages>
                    <Excluded_Packages Name="C:\VCL\DevExpress VCL\Library\RS23\dxSkinMetropolisDarkRS23.bpl">ExpressSkins - MetropolisDark Skin by Developer Express Inc.</Excluded_Packages>
                    <Excluded_Packages Name="C:\VCL\DevExpress VCL\Library\RS23\dxSkinMetropolisRS23.bpl">ExpressSkins - Metropolis Skin by Developer Express Inc.</Excluded_Packages>
                    <Excluded_Packages Name="C:\VCL\DevExpress VCL\Library\RS23\dxSkinMoneyTwinsRS23.bpl">ExpressSkins - MoneyTwins Skin by Developer Express Inc.</Excluded_Packages>
                    <Excluded_Packages Name="C:\VCL\DevExpress VCL\Library\RS23\dxSkinOffice2007BlackRS23.bpl">ExpressSkins - Office2007Black Skin by Developer Express Inc.</Excluded_Packages>
                    <Excluded_Packages Name="C:\VCL\DevExpress VCL\Library\RS23\dxSkinOffice2007BlueRS23.bpl">ExpressSkins - Office2007Blue Skin by Developer Express Inc.</Excluded_Packages>
                    <Excluded_Packages Name="C:\VCL\DevExpress VCL\Library\RS23\dxSkinOffice2007GreenRS23.bpl">ExpressSkins - Office2007Green Skin by Developer Express Inc.</Excluded_Packages>
                    <Excluded_Packages Name="C:\VCL\DevExpress VCL\Library\RS23\dxSkinOffice2007PinkRS23.bpl">ExpressSkins - Office2007Pink Skin by Developer Express Inc.</Excluded_Packages>
                    <Excluded_Packages Name="C:\VCL\DevExpress VCL\Library\RS23\dxSkinOffice2007SilverRS23.bpl">ExpressSkins - Office2007Silver Skin by Developer Express Inc.</Excluded_Packages>
                    <Excluded_Packages Name="C:\VCL\DevExpress VCL\Library\RS23\dxSkinOffice2010BlackRS23.bpl">ExpressSkins - Office2010Black Skin by Developer Express Inc.</Excluded_Packages>
                    <Excluded_Packages Name="C:\VCL\DevExpress VCL\Library\RS23\dxSkinOffice2010BlueRS23.bpl">ExpressSkins - Office2010Blue Skin by Developer Express Inc.</Excluded_Packages>
                    <Excluded_Packages Name="C:\VCL\DevExpress VCL\Library\RS23\dxSkinOffice2010SilverRS23.bpl">ExpressSkins - Office2010Silver Skin by Developer Express Inc.</Excluded_Packages>
                    <Excluded_Packages Name="C:\VCL\DevExpress VCL\Library\RS23\dxSkinOffice2013DarkGrayRS23.bpl">ExpressSkins - Office2013DarkGray Skin by Developer Express Inc.</Excluded_Packages>
                    <Excluded_Packages Name="C:\VCL\DevExpress VCL\Library\RS23\dxSkinOffice2013LightGrayRS23.bpl">ExpressSkins - Office2013LightGray Skin by Developer Express Inc.</Excluded_Packages>
                    <Excluded_Packages Name="C:\VCL\DevExpress VCL\Library\RS23\dxSkinOffice2013WhiteRS23.bpl">ExpressSkins - Office2013White Skin by Developer Express Inc.</Excluded_Packages>
                    <Excluded_Packages Name="C:\VCL\DevExpress VCL\Library\RS23\dxSkinPumpkinRS23.bpl">ExpressSkins - Pumpkin Skin by Developer Express Inc.</Excluded_Packages>
                    <Excluded_Packages Name="C:\VCL\DevExpress VCL\Library\RS23\dxSkinSevenClassicRS23.bpl">ExpressSkins - SevenClassic Skin by Developer Express Inc.</Excluded_Packages>
                    <Excluded_Packages Name="C:\VCL\DevExpress VCL\Library\RS23\dxSkinSevenRS23.bpl">ExpressSkins - Seven Skin by Developer Express Inc.</Excluded_Packages>
                    <Excluded_Packages Name="C:\VCL\DevExpress VCL\Library\RS23\dxSkinSharpPlusRS23.bpl">ExpressSkins - SharpPlus Skin by Developer Express Inc.</Excluded_Packages>
                    <Excluded_Packages Name="C:\VCL\DevExpress VCL\Library\RS23\dxSkinSharpRS23.bpl">ExpressSkins - Sharp Skin by Developer Express Inc.</Excluded_Packages>
                    <Excluded_Packages Name="C:\VCL\DevExpress VCL\Library\RS23\dxSkinSilverRS23.bpl">ExpressSkins - Silver Skin by Developer Express Inc.</Excluded_Packages>
                    <Excluded_Packages Name="C:\VCL\DevExpress VCL\Library\RS23\dxSkinSpringTimeRS23.bpl">ExpressSkins - Springtime Skin by Developer Express Inc.</Excluded_Packages>
                    <Excluded_Packages Name="C:\VCL\DevExpress VCL\Library\RS23\dxSkinStardustRS23.bpl">ExpressSkins - Stardust Skin by Developer Express Inc.</Excluded_Packages>
                    <Excluded_Packages Name="C:\VCL\DevExpress VCL\Library\RS23\dxSkinSummer2008RS23.bpl">ExpressSkins - Summer2008 Skin by Developer Express Inc.</Excluded_Packages>
                    <Excluded_Packages Name="C:\VCL\DevExpress VCL\Library\RS23\dxSkinTheAsphaltWorldRS23.bpl">ExpressSkins - TheAsphaltWorld Skin by Developer Express Inc.</Excluded_Packages>
                    <Excluded_Packages Name="C:\VCL\DevExpress VCL\Library\RS23\dxSkinValentineRS23.bpl">ExpressSkins - Valentine Skin by Developer Express Inc.</Excluded_Packages>
                    <Excluded_Packages Name="C:\VCL\DevExpress VCL\Library\RS23\dxSkinVisualStudio2013BlueRS23.bpl">ExpressSkins - VisualStudio2013Blue Skin</Excluded_Packages>
                    <Excluded_Packages Name="C:\VCL\DevExpress VCL\Library\RS23\dxSkinVisualStudio2013DarkRS23.bpl">ExpressSkins - VisualStudio2013Dark Skin by Developer Express Inc.</Excluded_Packages>
                    <Excluded_Packages Name="C:\VCL\DevExpress VCL\Library\RS23\dxSkinVisualStudio2013LightRS23.bpl">ExpressSkins - VisualStudio2013Light Skin by Developer Express Inc.</Excluded_Packages>
                    <Excluded_Packages Name="C:\VCL\DevExpress VCL\Library\RS23\dxSkinVS2010RS23.bpl">ExpressSkins - VS2010 Skin by Developer Express Inc.</Excluded_Packages>
                    <Excluded_Packages Name="C:\VCL\DevExpress VCL\Library\RS23\dxSkinWhiteprintRS23.bpl">ExpressSkins - Whiteprint Skin by Developer Express Inc.</Excluded_Packages>
                    <Excluded_Packages Name="C:\VCL\DevExpress VCL\Library\RS23\dxSkinXmas2008BlueRS23.bpl">ExpressSkins - Xmas2008Blue Skin by Developer Express Inc.</Excluded_Packages>
                    <Excluded_Packages Name="C:\VCL\DevExpress VCL\Library\RS23\dcldxPSCoreRS23.bpl">ExpressPrinting System by Developer Express Inc.</Excluded_Packages>
                    <Excluded_Packages Name="C:\VCL\DevExpress VCL\Library\RS23\dcldxPSTeeChartRS23.bpl">ExpressPrinting System ReportLink for TeeChart by Developer Express Inc.</Excluded_Packages>
                    <Excluded_Packages Name="C:\VCL\DevExpress VCL\Library\RS23\dcldxPSLnksRS23.bpl">ExpressPrinting System ReportLinks (Standard) by Developer Express Inc.</Excluded_Packages>
                    <Excluded_Packages Name="C:\VCL\DevExpress VCL\Library\RS23\dcldxPSDBTeeChartRS23.bpl">ExpressPrinting System ReportLink for DBTeeChart by Developer Express Inc.</Excluded_Packages>
                    <Excluded_Packages Name="C:\VCL\DevExpress VCL\Library\RS23\dxPScxPCProdRS23.bpl">ExpressPrinting System ContainerProducer for ExpressPageControl by Developer Express Inc.</Excluded_Packages>
                    <Excluded_Packages Name="C:\VCL\DevExpress VCL\Library\RS23\dclcxPivotGridRS23.bpl">ExpressPivotGrid by Developer Express Inc.</Excluded_Packages>
                    <Excluded_Packages Name="C:\VCL\DevExpress VCL\Library\RS23\dclcxPivotGridOLAPRS23.bpl">ExpressPivotGrid OLAP by Developer Express Inc.</Excluded_Packages>
                    <Excluded_Packages Name="C:\VCL\DevExpress VCL\Library\RS23\dcldxdbtrRS23.bpl">ExpressDBTree by Developer Express Inc.</Excluded_Packages>
                    <Excluded_Packages Name="C:\VCL\DevExpress VCL\Library\RS23\dcldxtrmdRS23.bpl">ExpressTreePrintedDataSet by Developer Express Inc.</Excluded_Packages>
                    <Excluded_Packages Name="C:\VCL\DevExpress VCL\Library\RS23\dcldxOrgCRS23.bpl">ExpressOrgChart by Developer Express Inc.</Excluded_Packages>
                    <Excluded_Packages Name="C:\VCL\DevExpress VCL\Library\RS23\dcldxDBOrRS23.bpl">ExpressDBOrgChart by Developer Express Inc.</Excluded_Packages>
                    <Excluded_Packages Name="C:\VCL\DevExpress VCL\Library\RS23\dcldxFlowChartRS23.bpl">ExpressFlowChart by Developer Express Inc.</Excluded_Packages>
                    <Excluded_Packages Name="C:\VCL\DevExpress VCL\Library\RS23\dcldxMapControlRS23.bpl">ExpressMapControl by Developer Express Inc.</Excluded_Packages>
                    <Excluded_Packages Name="C:\VCL\DevExpress VCL\Library\RS23\dclcxSchedulerRS23.bpl">ExpressScheduler by Developer Express Inc.</Excluded_Packages>
                    <Excluded_Packages Name="C:\VCL\DevExpress VCL\Library\RS23\dcldxRichEditControlRS23.bpl">ExpressRichEditControl by Developer Express Inc.</Excluded_Packages>
                    <Excluded_Packages Name="C:\VCL\DevExpress VCL\Library\RS23\dcldxGaugeControlRS23.bpl">ExpressGaugeControl by Developer Express Inc.</Excluded_Packages>
                    <Excluded_Packages Name="C:\VCL\DevExpress VCL\Library\RS23\dcldxIconLibraryRS23.bpl">Express Cross Platform Library Icon Library by Developer Express Inc.</Excluded_Packages>
                    <Excluded_Packages Name="C:\VCL\DevExpress VCL\Library\RS23\dclcxPageControldxBarPopupMenuRS23.bpl">ExpressPageControl dxBar Popup Menu by Developer Express Inc.</Excluded_Packages>
                    <Excluded_Packages Name="C:\VCL\DevExpress VCL\Library\RS23\dcldxRibbonCustomizationFormRS23.bpl">ExpressBars Ribbon Customization Form by Developer Express Inc.</Excluded_Packages>
                    <Excluded_Packages Name="C:\VCL\DevExpress VCL\Library\RS23\dclcxTreeListdxBarPopupMenuRS23.bpl">ExpressQuantumTreeList dxBar Built-In Menu by Developer Express Inc.</Excluded_Packages>
                    <Excluded_Packages Name="C:\VCL\DevExpress VCL\Library\RS23\dclcxGridWizardRS23.bpl">ExpressQuantumGrid Wizard by Developer Express Inc.</Excluded_Packages>
                    <Excluded_Packages Name="C:\VCL\DevExpress VCL\Library\RS23\dcldxSkinsDesignHelperRS23.bpl">ExpressSkins Library Uses Clause Auto Fill Helper by Developer Express Inc.</Excluded_Packages>
                    <Excluded_Packages Name="C:\VCL\DevExpress VCL\Library\RS23\dxSkinscxPCPainterRS23.bpl">ExpressSkins Library Painter for PageControl by Developer Express Inc.</Excluded_Packages>
                    <Excluded_Packages Name="C:\VCL\DevExpress VCL\Library\RS23\dxSkinscxSchedulerPainterRS23.bpl">ExpressSkins Library Painter for Scheduler by Developer Express Inc.</Excluded_Packages>
                    <Excluded_Packages Name="C:\VCL\DevExpress VCL\Library\RS23\dcldxSkinscxEditorsHelperRS23.bpl">ExpressSkins Library Uses Clause Auto Fill Helper for ExpressEditors by Developer Express Inc.</Excluded_Packages>
                    <Excluded_Packages Name="C:\VCL\DevExpress VCL\Library\RS23\dxSkinsdxBarPainterRS23.bpl">ExpressSkins Library Painter for Bars by Developer Express Inc.</Excluded_Packages>
                    <Excluded_Packages Name="C:\VCL\DevExpress VCL\Library\RS23\dxSkinsdxNavBarPainterRS23.bpl">ExpressSkins Library Painter for NavBar by Developer Express Inc.</Excluded_Packages>
                    <Excluded_Packages Name="C:\VCL\DevExpress VCL\Library\RS23\dxSkinsdxRibbonPainterRS23.bpl">ExpressSkins Library Painter for Ribbon by Developer Express Inc.</Excluded_Packages>
                    <Excluded_Packages Name="C:\VCL\DevExpress VCL\Library\RS23\dcldxSkinscxPCPainterRS23.bpl">ExpressSkins Library Uses Clause Auto Fill Helper for PageControl Painter by Developer Express Inc.</Excluded_Packages>
                    <Excluded_Packages Name="C:\VCL\DevExpress VCL\Library\RS23\dcldxSkinscxSchedulerPainterRS23.bpl">ExpressSkins Library Uses Clause Auto Fill Helper for Scheduler Painter by Developer Express Inc.</Excluded_Packages>
                    <Excluded_Packages Name="C:\VCL\DevExpress VCL\Library\RS23\dxSkinsdxDLPainterRS23.bpl">ExpressSkins Library Painter for Docking Library by Developer Express Inc.</Excluded_Packages>
                    <Excluded_Packages Name="C:\VCL\DevExpress VCL\Library\RS23\dcldxSkinsdxBarsPaintersRS23.bpl">ExpressSkins Library Uses Clause Auto Fill Helper for Bars Painters by Developer Express Inc.</Excluded_Packages>
                    <Excluded_Packages Name="C:\VCL\DevExpress VCL\Library\RS23\dcldxSkinsdxNavBarPainterRS23.bpl">ExpressSkins Library Uses Clause Auto Fill Helper for NavBar Painter by Developer Express Inc.</Excluded_Packages>
                    <Excluded_Packages Name="C:\VCL\DevExpress VCL\Library\RS23\dcldxSkinsdxRibbonPaintersRS23.bpl">ExpressSkins Library Uses Clause Auto Fill Helper for Ribbon Painters by Developer Express Inc.</Excluded_Packages>
                    <Excluded_Packages Name="C:\VCL\DevExpress VCL\Library\RS23\dcldxPScxCommonRS23.bpl">ExpressPrinting System Cross Platform Library by Developer Express Inc.</Excluded_Packages>
                    <Excluded_Packages Name="C:\VCL\DevExpress VCL\Library\RS23\dcldxPScxExtCommonRS23.bpl">ExpressPrinting System Extended Cross Platform Library by Developer Express Inc.</Excluded_Packages>
                    <Excluded_Packages Name="C:\VCL\DevExpress VCL\Library\RS23\dcldxPSdxLCLnkRS23.bpl">ExpressPrinting System ReportLink for ExpressLayoutControl by Developer Express Inc.</Excluded_Packages>
                    <Excluded_Packages Name="C:\VCL\DevExpress VCL\Library\RS23\dcldxPScxPivotGridLnkRS23.bpl">ExpressPrinting System ReportLink for ExpressPivotGrid by Developer Express Inc.</Excluded_Packages>
                    <Excluded_Packages Name="C:\VCL\DevExpress VCL\Library\RS23\dcldxPScxSchedulerLnkRS23.bpl">ExpressPrinting System ReportLink for ExpressScheduler by Developer Express Inc.</Excluded_Packages>
                    <Excluded_Packages Name="C:\VCL\DevExpress VCL\Library\RS23\dcldxPScxTLLnkRS23.bpl">ExpressPrinting System ReportLink for ExpressQuantumTreeList by Developer Express Inc.</Excluded_Packages>
                    <Excluded_Packages Name="C:\VCL\DevExpress VCL\Library\RS23\dcldxPScxVGridLnkRS23.bpl">ExpressPrinting System ReportLink for ExpressVerticalGrid by Developer Express Inc.</Excluded_Packages>
                    <Excluded_Packages Name="C:\VCL\DevExpress VCL\Library\RS23\dcldxPSdxDBOCLnkRS23.bpl">ExpressPrinting System ReportLinks for ExpressDBOrgChart by Developer Express Inc.</Excluded_Packages>
                    <Excluded_Packages Name="C:\VCL\DevExpress VCL\Library\RS23\dcldxPSdxDBTVLnkRS23.bpl">ExpressPrinting System ReportLink for ExpressDBTree by Developer Express Inc.</Excluded_Packages>
                    <Excluded_Packages Name="C:\VCL\DevExpress VCL\Library\RS23\dcldxPSdxFCLnkRS23.bpl">ExpressPrinting System ReportLinks for ExpressFlowChart by Developer Express Inc.</Excluded_Packages>
                    <Excluded_Packages Name="C:\VCL\DevExpress VCL\Library\RS23\dcldxPSdxGaugeControlLnkRS23.bpl">ExpressPrinting System ReportLink for ExpressGauge Control by Developer Express Inc.</Excluded_Packages>
                    <Excluded_Packages Name="C:\VCL\DevExpress VCL\Library\RS23\dcldxPScxGridLnkRS23.bpl">ExpressPrinting System ReportLink for ExpressQuantumGrid by Developer Express Inc.</Excluded_Packages>
                    <Excluded_Packages Name="C:\VCL\DevExpress VCL\Library\RS23\dcldxPSdxOCLnkRS23.bpl">ExpressPrinting System ReportLinks for ExpressOrgChart by Developer Express Inc.</Excluded_Packages>
                    <Excluded_Packages Name="C:\VCL\DevExpress VCL\Library\RS23\dcldxPSdxSpreadSheetLnkRS23.bpl">ExpressPrinting System ReportLink for ExpressSpreadSheet by Developer Express Inc.</Excluded_Packages>
                    <Excluded_Packages Name="C:\VCL\DevExpress VCL\Library\RS23\dcldxPSPrVwAdvRS23.bpl">ExpressPrinting System Advanced Preview Window by Developer Express Inc.</Excluded_Packages>
                    <Excluded_Packages Name="C:\VCL\DevExpress VCL\Library\RS23\dcldxPSPrVwRibbonRS23.bpl">ExpressPrinting System Ribbon Preview Window by Developer Express Inc.</Excluded_Packages>
                    <Excluded_Packages Name="C:\VCL\DevExpress VCL\Library\RS23\dcldxPSRichEditControlLnkRS23.bpl">ExpressPrinting System ReportLink for ExpressRichEditControl by Developer Express Inc.</Excluded_Packages>
                    <Excluded_Packages Name="C:\VCL\DevExpress VCL\Library\RS23\dclcxPivotGridChartRS23.bpl">ExpressPivotGrid connection to ExpressQuantumGrid Chart View by Developer Express Inc.</Excluded_Packages>
                    <Excluded_Packages Name="C:\VCL\DevExpress VCL\Library\RS23\dclcxSchedulerRibbonStyleEventEditorRS23.bpl">ExpressScheduler Ribbon Event Window by Developer Express Inc.</Excluded_Packages>
                    <Excluded_Packages Name="C:\VCL\DevExpress VCL\Library\RS23\dclcxSchedulerGridRS23.bpl">ExpressScheduler connection to ExpressQuantumGrid by Developer Express Inc.</Excluded_Packages>
                    <Excluded_Packages Name="C:\VCL\DevExpress VCL\Library\RS23\dclcxSchedulerTreeBrowserRS23.bpl">ExpressScheduler tree browser by Developer Express Inc.</Excluded_Packages>
                    <Excluded_Packages Name="C:\Users\Public\Documents\Embarcadero\Studio\17.0\Bpl\TMSDXE9.bpl">TMS Component Pack</Excluded_Packages>
                    <Excluded_Packages Name="C:\Users\Public\Documents\Embarcadero\Studio\17.0\Bpl\TMSExDXE9.bpl">TMS Component Pack Extra</Excluded_Packages>
                    <Excluded_Packages Name="C:\Users\Public\Documents\Embarcadero\Studio\17.0\Bpl\TMSDeDXE9.bpl">TMS Component Pack design time support</Excluded_Packages>
                    <Excluded_Packages Name="C:\Users\Public\Documents\Embarcadero\Studio\17.0\Bpl\TMSXlsDXE9.bpl">TMS TAdvStringGrid Excel support</Excluded_Packages>
                    <Excluded_Packages Name="C:\Users\Public\Documents\Embarcadero\Studio\17.0\Bpl\TMSWizDXE9.bpl">TMS Component Pack Wizards</Excluded_Packages>
                    <Excluded_Packages Name="C:\Users\Public\Documents\Embarcadero\Studio\17.0\Bpl\TMSFMXPackPkgDXE9.bpl">TMS Pack for FireMonkey</Excluded_Packages>
                    <Excluded_Packages Name="C:\Users\Public\Documents\Embarcadero\Studio\17.0\Bpl\TMSFMXPackPkgDEDXE9.bpl">TMS Pack for FireMonkey Design Time</Excluded_Packages>
                    <Excluded_Packages Name="C:\Users\Public\Documents\Embarcadero\Studio\17.0\Bpl\VA_Start.bpl">(untitled)</Excluded_Packages>
                </Excluded_Packages>
            </Delphi.Personality>
            <Platforms>
                <Platform value="Android">False</Platform>
                <Platform value="iOSDevice32">False</Platform>
                <Platform value="iOSDevice64">False</Platform>
                <Platform value="iOSSimulator">False</Platform>
                <Platform value="OSX32">False</Platform>
                <Platform value="Win32">True</Platform>
                <Platform value="Win64">False</Platform>
            </Platforms>
            <Deployment Version="2">
                <DeployFile LocalName="..\..\..\..\..\..\Public\Documents\Embarcadero\Studio\17.0\Bpl\DDCSFramework.bpl" Configuration="Debug" Class="ProjectOutput">
                    <Platform Name="Win32">
                        <RemoteName>DDCSFramework.bpl</RemoteName>
                        <Overwrite>true</Overwrite>
                    </Platform>
                </DeployFile>
                <DeployFile LocalName="..\..\..\..\..\..\Public\Documents\Embarcadero\Studio\17.0\Bpl\DDCSFramework.bpl" Configuration="Release" Class="ProjectOutput">
                    <Platform Name="Win32">
                        <RemoteName>DDCSFramework.bpl</RemoteName>
                        <Overwrite>true</Overwrite>
                    </Platform>
                </DeployFile>
                <DeployClass Name="ProjectiOSDeviceResourceRules"/>
                <DeployClass Name="ProjectOSXResource">
                    <Platform Name="OSX32">
                        <RemoteDir>Contents\Resources</RemoteDir>
                        <Operation>1</Operation>
                    </Platform>
                </DeployClass>
                <DeployClass Name="AndroidClassesDexFile">
                    <Platform Name="Android">
                        <RemoteDir>classes</RemoteDir>
                        <Operation>1</Operation>
                    </Platform>
                </DeployClass>
                <DeployClass Name="AdditionalDebugSymbols">
                    <Platform Name="Win32">
                        <RemoteDir>Contents\MacOS</RemoteDir>
                        <Operation>0</Operation>
                    </Platform>
                    <Platform Name="OSX32">
                        <Operation>1</Operation>
                    </Platform>
                </DeployClass>
                <DeployClass Name="iPad_Launch768">
                    <Platform Name="iOSSimulator">
                        <Operation>1</Operation>
                    </Platform>
                    <Platform Name="iOSDevice64">
                        <Operation>1</Operation>
                    </Platform>
                    <Platform Name="iOSDevice32">
                        <Operation>1</Operation>
                    </Platform>
                </DeployClass>
                <DeployClass Name="Android_LauncherIcon144">
                    <Platform Name="Android">
                        <RemoteDir>res\drawable-xxhdpi</RemoteDir>
                        <Operation>1</Operation>
                    </Platform>
                </DeployClass>
                <DeployClass Name="AndroidLibnativeMipsFile">
                    <Platform Name="Android">
                        <RemoteDir>library\lib\mips</RemoteDir>
                        <Operation>1</Operation>
                    </Platform>
                </DeployClass>
                <DeployClass Required="true" Name="ProjectOutput">
                    <Platform Name="Win32">
                        <Operation>0</Operation>
                    </Platform>
                    <Platform Name="iOSDevice64">
                        <Operation>1</Operation>
                    </Platform>
                    <Platform Name="OSX32">
                        <Operation>1</Operation>
                    </Platform>
                    <Platform Name="iOSDevice32">
                        <Operation>1</Operation>
                    </Platform>
                    <Platform Name="Android">
                        <RemoteDir>library\lib\armeabi-v7a</RemoteDir>
                        <Operation>1</Operation>
                    </Platform>
                    <Platform Name="iOSSimulator">
                        <Operation>1</Operation>
                    </Platform>
                </DeployClass>
                <DeployClass Name="DependencyFramework">
                    <Platform Name="Win32">
                        <Operation>0</Operation>
                    </Platform>
                    <Platform Name="OSX32">
                        <Operation>1</Operation>
                        <Extensions>.framework</Extensions>
                    </Platform>
                </DeployClass>
                <DeployClass Name="iPhone_Launch640">
                    <Platform Name="iOSSimulator">
                        <Operation>1</Operation>
                    </Platform>
                    <Platform Name="iOSDevice64">
                        <Operation>1</Operation>
                    </Platform>
                    <Platform Name="iOSDevice32">
                        <Operation>1</Operation>
                    </Platform>
                </DeployClass>
                <DeployClass Name="iPad_Launch1024">
                    <Platform Name="iOSSimulator">
                        <Operation>1</Operation>
                    </Platform>
                    <Platform Name="iOSDevice64">
                        <Operation>1</Operation>
                    </Platform>
                    <Platform Name="iOSDevice32">
                        <Operation>1</Operation>
                    </Platform>
                </DeployClass>
                <DeployClass Name="ProjectiOSDeviceDebug">
                    <Platform Name="iOSDevice64">
                        <RemoteDir>..\$(PROJECTNAME).app.dSYM\Contents\Resources\DWARF</RemoteDir>
                        <Operation>1</Operation>
                    </Platform>
                    <Platform Name="iOSDevice32">
                        <RemoteDir>..\$(PROJECTNAME).app.dSYM\Contents\Resources\DWARF</RemoteDir>
                        <Operation>1</Operation>
                    </Platform>
                </DeployClass>
                <DeployClass Name="AndroidLibnativeX86File">
                    <Platform Name="Android">
                        <RemoteDir>library\lib\x86</RemoteDir>
                        <Operation>1</Operation>
                    </Platform>
                </DeployClass>
                <DeployClass Name="iPhone_Launch320">
                    <Platform Name="iOSSimulator">
                        <Operation>1</Operation>
                    </Platform>
                    <Platform Name="iOSDevice64">
                        <Operation>1</Operation>
                    </Platform>
                    <Platform Name="iOSDevice32">
                        <Operation>1</Operation>
                    </Platform>
                </DeployClass>
                <DeployClass Name="ProjectiOSInfoPList"/>
                <DeployClass Name="AndroidLibnativeArmeabiFile">
                    <Platform Name="Android">
                        <RemoteDir>library\lib\armeabi</RemoteDir>
                        <Operation>1</Operation>
                    </Platform>
                </DeployClass>
                <DeployClass Name="DebugSymbols">
                    <Platform Name="Win32">
                        <Operation>0</Operation>
                    </Platform>
                    <Platform Name="iOSSimulator">
                        <Operation>1</Operation>
                    </Platform>
                    <Platform Name="OSX32">
                        <Operation>1</Operation>
                    </Platform>
                </DeployClass>
                <DeployClass Name="iPad_Launch1536">
                    <Platform Name="iOSSimulator">
                        <Operation>1</Operation>
                    </Platform>
                    <Platform Name="iOSDevice64">
                        <Operation>1</Operation>
                    </Platform>
                    <Platform Name="iOSDevice32">
                        <Operation>1</Operation>
                    </Platform>
                </DeployClass>
                <DeployClass Name="Android_SplashImage470">
                    <Platform Name="Android">
                        <RemoteDir>res\drawable-normal</RemoteDir>
                        <Operation>1</Operation>
                    </Platform>
                </DeployClass>
                <DeployClass Name="Android_LauncherIcon96">
                    <Platform Name="Android">
                        <RemoteDir>res\drawable-xhdpi</RemoteDir>
                        <Operation>1</Operation>
                    </Platform>
                </DeployClass>
                <DeployClass Name="Android_SplashImage640">
                    <Platform Name="Android">
                        <RemoteDir>res\drawable-large</RemoteDir>
                        <Operation>1</Operation>
                    </Platform>
                </DeployClass>
                <DeployClass Name="iPhone_Launch640x1136">
                    <Platform Name="iOSSimulator">
                        <Operation>1</Operation>
                    </Platform>
                    <Platform Name="iOSDevice64">
                        <Operation>1</Operation>
                    </Platform>
                    <Platform Name="iOSDevice32">
                        <Operation>1</Operation>
                    </Platform>
                </DeployClass>
                <DeployClass Name="ProjectiOSEntitlements"/>
                <DeployClass Name="Android_LauncherIcon72">
                    <Platform Name="Android">
                        <RemoteDir>res\drawable-hdpi</RemoteDir>
                        <Operation>1</Operation>
                    </Platform>
                </DeployClass>
                <DeployClass Name="AndroidGDBServer">
                    <Platform Name="Android">
                        <RemoteDir>library\lib\armeabi-v7a</RemoteDir>
                        <Operation>1</Operation>
                    </Platform>
                </DeployClass>
                <DeployClass Name="ProjectOSXInfoPList"/>
                <DeployClass Name="ProjectOSXEntitlements"/>
                <DeployClass Name="iPad_Launch2048">
                    <Platform Name="iOSSimulator">
                        <Operation>1</Operation>
                    </Platform>
                    <Platform Name="iOSDevice64">
                        <Operation>1</Operation>
                    </Platform>
                    <Platform Name="iOSDevice32">
                        <Operation>1</Operation>
                    </Platform>
                </DeployClass>
                <DeployClass Name="AndroidSplashStyles">
                    <Platform Name="Android">
                        <RemoteDir>res\values</RemoteDir>
                        <Operation>1</Operation>
                    </Platform>
                </DeployClass>
                <DeployClass Name="Android_SplashImage426">
                    <Platform Name="Android">
                        <RemoteDir>res\drawable-small</RemoteDir>
                        <Operation>1</Operation>
                    </Platform>
                </DeployClass>
                <DeployClass Name="AndroidSplashImageDef">
                    <Platform Name="Android">
                        <RemoteDir>res\drawable</RemoteDir>
                        <Operation>1</Operation>
                    </Platform>
                </DeployClass>
                <DeployClass Name="ProjectiOSResource">
                    <Platform Name="iOSSimulator">
                        <Operation>1</Operation>
                    </Platform>
                    <Platform Name="iOSDevice64">
                        <Operation>1</Operation>
                    </Platform>
                    <Platform Name="iOSDevice32">
                        <Operation>1</Operation>
                    </Platform>
                </DeployClass>
                <DeployClass Name="ProjectAndroidManifest">
                    <Platform Name="Android">
                        <Operation>1</Operation>
                    </Platform>
                </DeployClass>
                <DeployClass Name="Android_DefaultAppIcon">
                    <Platform Name="Android">
                        <RemoteDir>res\drawable</RemoteDir>
                        <Operation>1</Operation>
                    </Platform>
                </DeployClass>
                <DeployClass Name="File">
                    <Platform Name="Win32">
                        <Operation>0</Operation>
                    </Platform>
                    <Platform Name="iOSDevice64">
                        <Operation>0</Operation>
                    </Platform>
                    <Platform Name="OSX32">
                        <Operation>0</Operation>
                    </Platform>
                    <Platform Name="iOSDevice32">
                        <Operation>0</Operation>
                    </Platform>
                    <Platform Name="Android">
                        <Operation>0</Operation>
                    </Platform>
                    <Platform Name="iOSSimulator">
                        <Operation>0</Operation>
                    </Platform>
                </DeployClass>
                <DeployClass Name="AndroidServiceOutput">
                    <Platform Name="Android">
                        <RemoteDir>library\lib\armeabi-v7a</RemoteDir>
                        <Operation>1</Operation>
                    </Platform>
                </DeployClass>
                <DeployClass Required="true" Name="DependencyPackage">
                    <Platform Name="Win32">
                        <Operation>0</Operation>
                        <Extensions>.bpl</Extensions>
                    </Platform>
                    <Platform Name="iOSDevice64">
                        <Operation>1</Operation>
                        <Extensions>.dylib</Extensions>
                    </Platform>
                    <Platform Name="OSX32">
                        <Operation>1</Operation>
                        <Extensions>.dylib</Extensions>
                    </Platform>
                    <Platform Name="iOSDevice32">
                        <Operation>1</Operation>
                        <Extensions>.dylib</Extensions>
                    </Platform>
                    <Platform Name="iOSSimulator">
                        <Operation>1</Operation>
                        <Extensions>.dylib</Extensions>
                    </Platform>
                </DeployClass>
                <DeployClass Name="Android_LauncherIcon48">
                    <Platform Name="Android">
                        <RemoteDir>res\drawable-mdpi</RemoteDir>
                        <Operation>1</Operation>
                    </Platform>
                </DeployClass>
                <DeployClass Name="Android_SplashImage960">
                    <Platform Name="Android">
                        <RemoteDir>res\drawable-xlarge</RemoteDir>
                        <Operation>1</Operation>
                    </Platform>
                </DeployClass>
                <DeployClass Name="Android_LauncherIcon36">
                    <Platform Name="Android">
                        <RemoteDir>res\drawable-ldpi</RemoteDir>
                        <Operation>1</Operation>
                    </Platform>
                </DeployClass>
                <DeployClass Name="DependencyModule">
                    <Platform Name="Win32">
                        <Operation>0</Operation>
                        <Extensions>.dll;.bpl</Extensions>
                    </Platform>
                    <Platform Name="OSX32">
                        <Operation>1</Operation>
                        <Extensions>.dylib</Extensions>
                    </Platform>
                </DeployClass>
                <ProjectRoot Platform="iOSDevice64" Name="$(PROJECTNAME).app"/>
                <ProjectRoot Platform="Win64" Name="$(PROJECTNAME)"/>
                <ProjectRoot Platform="iOSDevice32" Name="$(PROJECTNAME).app"/>
                <ProjectRoot Platform="Win32" Name="$(PROJECTNAME)"/>
                <ProjectRoot Platform="OSX32" Name="$(PROJECTNAME)"/>
                <ProjectRoot Platform="Android" Name="$(PROJECTNAME)"/>
                <ProjectRoot Platform="iOSSimulator" Name="$(PROJECTNAME).app"/>
            </Deployment>
            <ModelSupport>False</ModelSupport>
        </BorlandProject>
        <ProjectFileVersion>12</ProjectFileVersion>
    </ProjectExtensions>
    <Import Project="$(APPDATA)\Embarcadero\$(BDSAPPDATABASEDIR)\$(PRODUCTVERSION)\UserTools.proj" Condition="Exists('$(APPDATA)\Embarcadero\$(BDSAPPDATABASEDIR)\$(PRODUCTVERSION)\UserTools.proj')"/>
    <Import Project="$(MSBuildProjectName).deployproj" Condition="Exists('$(MSBuildProjectName).deployproj')"/>
</Project>
