
Microsoft Visual Studio Solution File, Format Version 12.00
# Visual Studio 2012
Project("{FAE04EC0-301F-11D3-BF4B-00C04F79EFBC}") = "va.gov.artemis.portal.ui", "va.gov.artemis.portal.ui.csproj", "{84FF5B28-FDA7-4F8F-A610-9D503AD95755}"
EndProject
Global
	GlobalSection(TeamFoundationVersionControl) = preSolution
		SccNumberOfProjects = 2
		SccEnterpriseProvider = {4CA58AB2-18FA-4F8D-95D4-32DDF27D184C}
		SccTeamFoundationServer = http://devmiardevv09.dev.dss.local:8080/tfs/defaultcollection
		SccProjectUniqueName0 = va.gov.artemis.portal.ui.csproj
		SccLocalPath0 = .
		SccLocalPath1 = .
	EndGlobalSection
	GlobalSection(SolutionConfigurationPlatforms) = preSolution
		Debug|Any CPU = Debug|Any CPU
		Release|Any CPU = Release|Any CPU
	EndGlobalSection
	GlobalSection(ProjectConfigurationPlatforms) = postSolution
		{84FF5B28-FDA7-4F8F-A610-9D503AD95755}.Debug|Any CPU.ActiveCfg = Debug|Any CPU
		{84FF5B28-FDA7-4F8F-A610-9D503AD95755}.Debug|Any CPU.Build.0 = Debug|Any CPU
		{84FF5B28-FDA7-4F8F-A610-9D503AD95755}.Release|Any CPU.ActiveCfg = Release|Any CPU
		{84FF5B28-FDA7-4F8F-A610-9D503AD95755}.Release|Any CPU.Build.0 = Release|Any CPU
	EndGlobalSection
	GlobalSection(SolutionProperties) = preSolution
		HideSolutionNode = FALSE
	EndGlobalSection
EndGlobal
