	<Project xmlns="http://schemas.microsoft.com/developer/msbuild/2003">
		<PropertyGroup>
			<ProjectGuid>{64E129B6-059C-4494-96E3-3A050E8EED3B}</ProjectGuid>
			<MainSource>oCNTFramework.dpk</MainSource>
			<ProjectVersion>12.0</ProjectVersion>
			<Config Condition="'$(Config)'==''">Debug</Config>
			<DCC_DCCCompiler>DCC32</DCC_DCCCompiler>
		</PropertyGroup>
		<PropertyGroup Condition="'$(Config)'=='Base' or '$(Base)'!=''">
			<Base>true</Base>
		</PropertyGroup>
		<PropertyGroup Condition="'$(Config)'=='Release' or '$(Cfg_1)'!=''">
			<Cfg_1>true</Cfg_1>
			<CfgParent>Base</CfgParent>
			<Base>true</Base>
		</PropertyGroup>
		<PropertyGroup Condition="'$(Config)'=='Debug' or '$(Cfg_2)'!=''">
			<Cfg_2>true</Cfg_2>
			<CfgParent>Base</CfgParent>
			<Base>true</Base>
		</PropertyGroup>
		<PropertyGroup Condition="'$(Base)'!=''">
			<DCC_UnitAlias>WinTypes=Windows;WinProcs=Windows;DbiTypes=BDE;DbiProcs=BDE;DbiErrs=BDE;$(DCC_UnitAlias)</DCC_UnitAlias>
			<DCC_DependencyCheckOutputName>..\..\..\..\All Users\Documents\RAD Studio\7.0\Bpl\oCNTFramework.bpl</DCC_DependencyCheckOutputName>
			<DesignOnlyPackage>false</DesignOnlyPackage>
			<GenDll>true</GenDll>
			<GenPackage>true</GenPackage>
			<DCC_ImageBase>00400000</DCC_ImageBase>
			<DCC_Platform>x86</DCC_Platform>
		</PropertyGroup>
		<PropertyGroup Condition="'$(Cfg_1)'!=''">
			<DCC_LocalDebugSymbols>false</DCC_LocalDebugSymbols>
			<DCC_Define>RELEASE;$(DCC_Define)</DCC_Define>
			<DCC_SymbolReferenceInfo>0</DCC_SymbolReferenceInfo>
			<DCC_DebugInformation>false</DCC_DebugInformation>
		</PropertyGroup>
		<PropertyGroup Condition="'$(Cfg_2)'!=''"/>
		<ItemGroup>
			<DelphiCompile Include="oCNTFramework.dpk">
				<MainSource>MainSource</MainSource>
			</DelphiCompile>
			<DCCReference Include="DesignIDE.dcp"/>
			<DCCReference Include="vclimg.dcp"/>
			<DCCReference Include="VclSmp.dcp"/>
			<DCCReference Include="Jcl.dcp"/>
			<DCCReference Include="JvCore.dcp"/>
			<DCCReference Include="JvStdCtrls.dcp"/>
			<DCCReference Include="frmAbout.pas">
				<Form>CNTAbout</Form>
			</DCCReference>
			<DCCReference Include="frmCPRSTimeout.pas">
				<Form>CPRSTimeOut</Form>
			</DCCReference>
			<DCCReference Include="frmLoad.pas">
				<Form>CNTSplash</Form>
			</DCCReference>
			<DCCReference Include="frmNoteRvw.pas">
				<Form>ReviewNoteDlg</Form>
			</DCCReference>
			<DCCReference Include="oCNTBase.pas"/>
			<DCCReference Include="uReportItems.pas"/>
			<DCCReference Include="frmLock.pas">
				<Form>CNTLock</Form>
			</DCCReference>
			<DCCReference Include="uExtndComBroker.pas"/>
			<DCCReference Include="oCNTBaseEditor.pas"/>
			<DCCReference Include="frmReportOrder.pas">
				<Form>ReportOrderDlg</Form>
			</DCCReference>
			<BuildConfiguration Include="Base">
				<Key>Base</Key>
			</BuildConfiguration>
			<BuildConfiguration Include="Debug">
				<Key>Cfg_2</Key>
				<CfgParent>Base</CfgParent>
			</BuildConfiguration>
			<BuildConfiguration Include="Release">
				<Key>Cfg_1</Key>
				<CfgParent>Base</CfgParent>
			</BuildConfiguration>
		</ItemGroup>
		<Import Project="$(BDS)\Bin\CodeGear.Delphi.Targets" Condition="Exists('$(BDS)\Bin\CodeGear.Delphi.Targets')"/>
		<ProjectExtensions>
			<Borland.Personality>Delphi.Personality.12</Borland.Personality>
			<Borland.ProjectType>Package</Borland.ProjectType>
			<BorlandProject>
				<Delphi.Personality>
					<Source>
						<Source Name="MainSource">oCNTFramework.dpk</Source>
					</Source>
					<Parameters>
						<Parameters Name="UseLauncher">False</Parameters>
						<Parameters Name="LoadAllSymbols">True</Parameters>
						<Parameters Name="LoadUnspecifiedSymbols">False</Parameters>
						<Parameters Name="HostApplication">C:\Vista\cprs\OR_3_306V29\CPRS-chart\CPRSChart.exe</Parameters>
					</Parameters>
					<VersionInfo>
						<VersionInfo Name="IncludeVerInfo">True</VersionInfo>
						<VersionInfo Name="AutoIncBuild">False</VersionInfo>
						<VersionInfo Name="MajorVer">0</VersionInfo>
						<VersionInfo Name="MinorVer">0</VersionInfo>
						<VersionInfo Name="Release">2</VersionInfo>
						<VersionInfo Name="Build">3</VersionInfo>
						<VersionInfo Name="Debug">False</VersionInfo>
						<VersionInfo Name="PreRelease">False</VersionInfo>
						<VersionInfo Name="Special">False</VersionInfo>
						<VersionInfo Name="Private">False</VersionInfo>
						<VersionInfo Name="DLL">False</VersionInfo>
						<VersionInfo Name="Locale">1033</VersionInfo>
						<VersionInfo Name="CodePage">1252</VersionInfo>
					</VersionInfo>
					<VersionInfoKeys>
						<VersionInfoKeys Name="CompanyName">DSS Inc.</VersionInfoKeys>
						<VersionInfoKeys Name="FileDescription"/>
						<VersionInfoKeys Name="FileVersion">0.0.2.3</VersionInfoKeys>
						<VersionInfoKeys Name="InternalName"/>
						<VersionInfoKeys Name="LegalCopyright"/>
						<VersionInfoKeys Name="LegalTrademarks"/>
						<VersionInfoKeys Name="OriginalFilename"/>
						<VersionInfoKeys Name="ProductName"/>
						<VersionInfoKeys Name="ProductVersion">0.0.2.3</VersionInfoKeys>
						<VersionInfoKeys Name="Comments"/>
					</VersionInfoKeys>
					<Excluded_Packages>
						<Excluded_Packages/>
						<Excluded_Packages Name="D:\vcl\Developer Express.VCL\Library\Delphi14\dcldxCoreD14.bpl">ExpressCoreLibrary by Developer Express Inc.</Excluded_Packages>
						<Excluded_Packages Name="D:\vcl\Developer Express.VCL\Library\Delphi14\dclcxLibraryD14.bpl">Express Cross Platform Library by Developer Express Inc.</Excluded_Packages>
						<Excluded_Packages Name="D:\vcl\Developer Express.VCL\Library\Delphi14\dclcxEditorsD14.bpl">ExpressEditors Library 5 by Developer Express Inc.</Excluded_Packages>
						<Excluded_Packages Name="D:\vcl\Developer Express.VCL\Library\Delphi14\dclcxExtEditorsD14.bpl">ExpressExtendedEditors Library 5 by Developer Express Inc.</Excluded_Packages>
						<Excluded_Packages Name="D:\vcl\Developer Express.VCL\Library\Delphi14\dcldxPSCoreD14.bpl">ExpressPrinting System 4 by Developer Express Inc.</Excluded_Packages>
						<Excluded_Packages Name="D:\vcl\Developer Express.VCL\Library\Delphi14\dcldxPSTeeChartD14.bpl">ExpressPrinting System 4 ReportLink for TeeChart by Developer Express Inc.</Excluded_Packages>
						<Excluded_Packages Name="D:\vcl\Developer Express.VCL\Library\Delphi14\dcldxOrgCD14.bpl">ExpressOrgChart by Developer Express Inc.</Excluded_Packages>
						<Excluded_Packages Name="D:\vcl\Developer Express.VCL\Library\Delphi14\dclcxPageControlD14.bpl">Express Cross Platform PageControl by Developer Express Inc.</Excluded_Packages>
						<Excluded_Packages Name="D:\vcl\TMS\TMSDIR\TMS Component Pack\bpl\TMSD2010.bpl">TMS Component Pack</Excluded_Packages>
						<Excluded_Packages Name="$(BDS)\bin\dcltee8140.bpl">TeeChart Standard 8 Components</Excluded_Packages>
						<Excluded_Packages Name="$(BDS)\RaveReports\Lib\dclRave.bpl">Rave Reports 7.7 BE Package</Excluded_Packages>
						<Excluded_Packages Name="D:\vcl\Ace\cds2010\ace2010.bpl">ACE Reporter Professional Version 2.01</Excluded_Packages>
						<Excluded_Packages Name="D:\vcl\Developer Express.VCL\Library\Delphi14\dclcxGridD14.bpl">ExpressQuantumGrid 6 by Developer Express Inc.</Excluded_Packages>
						<Excluded_Packages Name="D:\vcl\Developer Express.VCL\Library\Delphi14\dclcxTreeListD14.bpl">ExpressQuantumTreeList 5 by Developer Express Inc.</Excluded_Packages>
						<Excluded_Packages Name="D:\vcl\Developer Express.VCL\Library\Delphi14\dcldxmdsD14.bpl">ExpressMemData by Developer Express Inc.</Excluded_Packages>
						<Excluded_Packages Name="D:\vcl\Developer Express.VCL\Library\Delphi14\dcldxPSLnksD14.bpl">ExpressPrinting System 4 ReportLinks (Standard) by Developer Express Inc.</Excluded_Packages>
						<Excluded_Packages Name="D:\vcl\Developer Express.VCL\Library\Delphi14\dcldxPSDBTeeChartD14.bpl">ExpressPrinting System 4 ReportLink for DBTeeChart by Developer Express Inc.</Excluded_Packages>
						<Excluded_Packages Name="D:\vcl\Developer Express.VCL\Library\Delphi14\dxPScxPCProdD14.bpl">ExpressPrinting System 4 ContainerProducer for ExpressPageControl 2 by Developer Express Inc.</Excluded_Packages>
						<Excluded_Packages Name="D:\vcl\Developer Express.VCL\Library\Delphi14\dcldxdbtrD14.bpl">ExpressDBTree by Developer Express Inc.</Excluded_Packages>
						<Excluded_Packages Name="D:\vcl\Developer Express.VCL\Library\Delphi14\dcldxtrmdD14.bpl">ExpressTreePrintedDataSet by Developer Express Inc.</Excluded_Packages>
						<Excluded_Packages Name="D:\vcl\Developer Express.VCL\Library\Delphi14\dcldxDBOrD14.bpl">ExpressDBOrgChart by Developer Express Inc.</Excluded_Packages>
						<Excluded_Packages Name="D:\vcl\Developer Express.VCL\Library\Delphi14\dcldxPScxCommonD14.bpl">ExpressPrinting System 4 Cross Platform Library by Developer Express Inc.</Excluded_Packages>
						<Excluded_Packages Name="D:\vcl\Developer Express.VCL\Library\Delphi14\dcldxPScxExtCommonD14.bpl">ExpressPrinting System 4 Extended Cross Platform Library by Developer Express Inc.</Excluded_Packages>
						<Excluded_Packages Name="D:\vcl\Developer Express.VCL\Library\Delphi14\dcldxPScxGrid6LnkD14.bpl">ExpressPrinting System 4 ReportLink for ExpressQuantumGrid 6 by Developer Express Inc.</Excluded_Packages>
						<Excluded_Packages Name="D:\vcl\Developer Express.VCL\Library\Delphi14\dcldxPScxTL5LnkD14.bpl">ExpressPrinting System 4 ReportLink for ExpressQuantumTreeList 5 by Developer Express Inc.</Excluded_Packages>
						<Excluded_Packages Name="D:\vcl\Developer Express.VCL\Library\Delphi14\dcldxPSdxDBOCLnkD14.bpl">ExpressPrinting System 4 ReportLinks for ExpressDBOrgChart by Developer Express Inc.</Excluded_Packages>
						<Excluded_Packages Name="D:\vcl\Developer Express.VCL\Library\Delphi14\dcldxPSdxDBTVLnkD14.bpl">ExpressPrinting System 4 ReportLink for ExpressDBTree by Developer Express Inc.</Excluded_Packages>
						<Excluded_Packages Name="D:\vcl\Developer Express.VCL\Library\Delphi14\dcldxPSdxOCLnkD14.bpl">ExpressPrinting System 4 ReportLinks for ExpressOrgChart by Developer Express Inc.</Excluded_Packages>
						<Excluded_Packages Name="D:\vcl\TMS\TMSDIR\TMS Component Pack\Delphi2010\TMSExD2010.bpl">TMS Component Pack Extra</Excluded_Packages>
						<Excluded_Packages Name="C:\Documents and Settings\All Users\Documents\RAD Studio\7.0\Bpl\XWB_D2010.bpl">VistA RPC Broker</Excluded_Packages>
						<Excluded_Packages Name="C:\Documents and Settings\All Users\Documents\RAD Studio\7.0\Bpl\Fmdc.bpl">VistA Fileman Delphi Components</Excluded_Packages>
						<Excluded_Packages Name="C:\Documents and Settings\All Users\Documents\RAD Studio\7.0\Bpl\vxRPCB2010.bpl">DSS VISTA3 vxBroker Components</Excluded_Packages>
						<Excluded_Packages Name="C:\Documents and Settings\All Users\Documents\RAD Studio\7.0\Bpl\DSSVista_D2010.bpl">DSS, Inc&apos;s VISTA Components for Delphi 2006</Excluded_Packages>
						<Excluded_Packages Name="C:\Documents and Settings\All Users\Documents\RAD Studio\7.0\Bpl\RPCBrokerV.bpl">File C:\Documents and Settings\All Users\Documents\RAD Studio\7.0\Bpl\RPCBrokerV.bpl not found</Excluded_Packages>
					</Excluded_Packages>
				</Delphi.Personality>
			</BorlandProject>
			<ProjectFileVersion>12</ProjectFileVersion>
		</ProjectExtensions>
	</Project>
